// !$*UTF8*$!
{
	archiveVersion = 1;
	classes = {
	};
	objectVersion = 50;
	objects = {

/* Begin PBXBuildFile section */
		1007758621BC382D006AA09F /* AppDelegate.swift in Sources */ = {isa = PBXBuildFile; fileRef = 1007758521BC382D006AA09F /* AppDelegate.swift */; };
		1007758821BC382D006AA09F /* ViewController.swift in Sources */ = {isa = PBXBuildFile; fileRef = 1007758721BC382D006AA09F /* ViewController.swift */; };
		1007758B21BC382D006AA09F /* Main.storyboard in Resources */ = {isa = PBXBuildFile; fileRef = 1007758921BC382D006AA09F /* Main.storyboard */; };
		1007758D21BC382F006AA09F /* Assets.xcassets in Resources */ = {isa = PBXBuildFile; fileRef = 1007758C21BC382F006AA09F /* Assets.xcassets */; };
		1007759021BC382F006AA09F /* LaunchScreen.storyboard in Resources */ = {isa = PBXBuildFile; fileRef = 1007758E21BC382F006AA09F /* LaunchScreen.storyboard */; };
		1007759921BC3D65006AA09F /* PointOfInterest.swift in Sources */ = {isa = PBXBuildFile; fileRef = 1007759821BC3D65006AA09F /* PointOfInterest.swift */; };
		1007759C21BC9E64006AA09F /* PoiAnnotation.swift in Sources */ = {isa = PBXBuildFile; fileRef = 1007759B21BC9E64006AA09F /* PoiAnnotation.swift */; };
		1007759E21BCA211006AA09F /* museums_usa.csv in Resources */ = {isa = PBXBuildFile; fileRef = 1007759D21BCA211006AA09F /* museums_usa.csv */; };
		100775A121BCA2CE006AA09F /* String+BooleanValue.swift in Sources */ = {isa = PBXBuildFile; fileRef = 100775A021BCA2CE006AA09F /* String+BooleanValue.swift */; };
		100775A321BCA317006AA09F /* CLLocationCoordinate2D+Equality.swift in Sources */ = {isa = PBXBuildFile; fileRef = 100775A221BCA317006AA09F /* CLLocationCoordinate2D+Equality.swift */; };
/* End PBXBuildFile section */

/* Begin PBXFileReference section */
		1007758221BC382D006AA09F /* poi.app */ = {isa = PBXFileReference; explicitFileType = wrapper.application; includeInIndex = 0; path = poi.app; sourceTree = BUILT_PRODUCTS_DIR; };
		1007758521BC382D006AA09F /* AppDelegate.swift */ = {isa = PBXFileReference; lastKnownFileType = sourcecode.swift; path = AppDelegate.swift; sourceTree = "<group>"; };
		1007758721BC382D006AA09F /* ViewController.swift */ = {isa = PBXFileReference; lastKnownFileType = sourcecode.swift; path = ViewController.swift; sourceTree = "<group>"; };
		1007758A21BC382D006AA09F /* Base */ = {isa = PBXFileReference; lastKnownFileType = file.storyboard; name = Base; path = Base.lproj/Main.storyboard; sourceTree = "<group>"; };
		1007758C21BC382F006AA09F /* Assets.xcassets */ = {isa = PBXFileReference; lastKnownFileType = folder.assetcatalog; path = Assets.xcassets; sourceTree = "<group>"; };
		1007758F21BC382F006AA09F /* Base */ = {isa = PBXFileReference; lastKnownFileType = file.storyboard; name = Base; path = Base.lproj/LaunchScreen.storyboard; sourceTree = "<group>"; };
		1007759121BC382F006AA09F /* Info.plist */ = {isa = PBXFileReference; lastKnownFileType = text.plist.xml; path = Info.plist; sourceTree = "<group>"; };
		1007759821BC3D65006AA09F /* PointOfInterest.swift */ = {isa = PBXFileReference; lastKnownFileType = sourcecode.swift; path = PointOfInterest.swift; sourceTree = "<group>"; };
		1007759B21BC9E64006AA09F /* PoiAnnotation.swift */ = {isa = PBXFileReference; lastKnownFileType = sourcecode.swift; path = PoiAnnotation.swift; sourceTree = "<group>"; };
		1007759D21BCA211006AA09F /* museums_usa.csv */ = {isa = PBXFileReference; fileEncoding = 4; lastKnownFileType = text; path = museums_usa.csv; sourceTree = "<group>"; };
		100775A021BCA2CE006AA09F /* String+BooleanValue.swift */ = {isa = PBXFileReference; lastKnownFileType = sourcecode.swift; path = "String+BooleanValue.swift"; sourceTree = "<group>"; };
		100775A221BCA317006AA09F /* CLLocationCoordinate2D+Equality.swift */ = {isa = PBXFileReference; lastKnownFileType = sourcecode.swift; path = "CLLocationCoordinate2D+Equality.swift"; sourceTree = "<group>"; };
/* End PBXFileReference section */

/* Begin PBXFrameworksBuildPhase section */
		1007757F21BC382D006AA09F /* Frameworks */ = {
			isa = PBXFrameworksBuildPhase;
			buildActionMask = 2147483647;
			files = (
			);
			runOnlyForDeploymentPostprocessing = 0;
		};
/* End PBXFrameworksBuildPhase section */

/* Begin PBXGroup section */
		1007757921BC382D006AA09F = {
			isa = PBXGroup;
			children = (
				1007758421BC382D006AA09F /* poi */,
				1007758321BC382D006AA09F /* Products */,
			);
			sourceTree = "<group>";
		};
		1007758321BC382D006AA09F /* Products */ = {
			isa = PBXGroup;
			children = (
				1007758221BC382D006AA09F /* poi.app */,
			);
			name = Products;
			sourceTree = "<group>";
		};
		1007758421BC382D006AA09F /* poi */ = {
			isa = PBXGroup;
			children = (
				1007759F21BCA2B2006AA09F /* Helpers */,
				1007759A21BC9E52006AA09F /* Map */,
				1007759721BC3D4B006AA09F /* Models */,
				1007758521BC382D006AA09F /* AppDelegate.swift */,
				1007758721BC382D006AA09F /* ViewController.swift */,
				1007758921BC382D006AA09F /* Main.storyboard */,
				1007758C21BC382F006AA09F /* Assets.xcassets */,
				1007758E21BC382F006AA09F /* LaunchScreen.storyboard */,
				1007759121BC382F006AA09F /* Info.plist */,
				1007759D21BCA211006AA09F /* museums_usa.csv */,
			);
			path = poi;
			sourceTree = "<group>";
		};
		1007759721BC3D4B006AA09F /* Models */ = {
			isa = PBXGroup;
			children = (
				1007759821BC3D65006AA09F /* PointOfInterest.swift */,
			);
			path = Models;
			sourceTree = "<group>";
		};
		1007759A21BC9E52006AA09F /* Map */ = {
			isa = PBXGroup;
			children = (
				1007759B21BC9E64006AA09F /* PoiAnnotation.swift */,
			);
			path = Map;
			sourceTree = "<group>";
		};
		1007759F21BCA2B2006AA09F /* Helpers */ = {
			isa = PBXGroup;
			children = (
				100775A021BCA2CE006AA09F /* String+BooleanValue.swift */,
				100775A221BCA317006AA09F /* CLLocationCoordinate2D+Equality.swift */,
			);
			path = Helpers;
			sourceTree = "<group>";
		};
/* End PBXGroup section */

/* Begin PBXNativeTarget section */
		1007758121BC382D006AA09F /* poi */ = {
			isa = PBXNativeTarget;
			buildConfigurationList = 1007759421BC382F006AA09F /* Build configuration list for PBXNativeTarget "poi" */;
			buildPhases = (
				1007757E21BC382D006AA09F /* Sources */,
				1007757F21BC382D006AA09F /* Frameworks */,
				1007758021BC382D006AA09F /* Resources */,
			);
			buildRules = (
			);
			dependencies = (
			);
			name = poi;
			productName = poi;
			productReference = 1007758221BC382D006AA09F /* poi.app */;
			productType = "com.apple.product-type.application";
		};
/* End PBXNativeTarget section */

/* Begin PBXProject section */
		1007757A21BC382D006AA09F /* Project object */ = {
			isa = PBXProject;
			attributes = {
				LastSwiftUpdateCheck = 1010;
				LastUpgradeCheck = 1010;
				ORGANIZATIONNAME = wasatchcode;
				TargetAttributes = {
					1007758121BC382D006AA09F = {
						CreatedOnToolsVersion = 10.1;
					};
				};
			};
			buildConfigurationList = 1007757D21BC382D006AA09F /* Build configuration list for PBXProject "poi" */;
			compatibilityVersion = "Xcode 9.3";
			developmentRegion = en;
			hasScannedForEncodings = 0;
			knownRegions = (
				en,
				Base,
			);
			mainGroup = 1007757921BC382D006AA09F;
			productRefGroup = 1007758321BC382D006AA09F /* Products */;
			projectDirPath = "";
			projectRoot = "";
			targets = (
				1007758121BC382D006AA09F /* poi */,
			);
		};
/* End PBXProject section */

/* Begin PBXResourcesBuildPhase section */
		1007758021BC382D006AA09F /* Resources */ = {
			isa = PBXResourcesBuildPhase;
			buildActionMask = 2147483647;
			files = (
				1007759E21BCA211006AA09F /* museums_usa.csv in Resources */,
				1007759021BC382F006AA09F /* LaunchScreen.storyboard in Resources */,
				1007758D21BC382F006AA09F /* Assets.xcassets in Resources */,
				1007758B21BC382D006AA09F /* Main.storyboard in Resources */,
			);
			runOnlyForDeploymentPostprocessing = 0;
		};
/* End PBXResourcesBuildPhase section */

/* Begin PBXSourcesBuildPhase section */
		1007757E21BC382D006AA09F /* Sources */ = {
			isa = PBXSourcesBuildPhase;
			buildActionMask = 2147483647;
			files = (
				100775A121BCA2CE006AA09F /* String+BooleanValue.swift in Sources */,
				1007758821BC382D006AA09F /* ViewController.swift in Sources */,
				1007759C21BC9E64006AA09F /* PoiAnnotation.swift in Sources */,
				100775A321BCA317006AA09F /* CLLocationCoordinate2D+Equality.swift in Sources */,
				1007759921BC3D65006AA09F /* PointOfInterest.swift in Sources */,
				1007758621BC382D006AA09F /* AppDelegate.swift in Sources */,
			);
			runOnlyForDeploymentPostprocessing = 0;
		};
/* End PBXSourcesBuildPhase section */

/* Begin PBXVariantGroup section */
		1007758921BC382D006AA09F /* Main.storyboard */ = {
			isa = PBXVariantGroup;
			children = (
				1007758A21BC382D006AA09F /* Base */,
			);
			name = Main.storyboard;
			sourceTree = "<group>";
		};
		1007758E21BC382F006AA09F /* LaunchScreen.storyboard */ = {
			isa = PBXVariantGroup;
			children = (
				1007758F21BC382F006AA09F /* Base */,
			);
			name = LaunchScreen.storyboard;
			sourceTree = "<group>";
		};
/* End PBXVariantGroup section */

/* Begin XCBuildConfiguration section */
		1007759221BC382F006AA09F /* Debug */ = {
			isa = XCBuildConfiguration;
			buildSettings = {
				ALWAYS_SEARCH_USER_PATHS = NO;
				CLANG_ANALYZER_NONNULL = YES;
				CLANG_ANALYZER_NUMBER_OBJECT_CONVERSION = YES_AGGRESSIVE;
				CLANG_CXX_LANGUAGE_STANDARD = "gnu++14";
				CLANG_CXX_LIBRARY = "libc++";
				CLANG_ENABLE_MODULES = YES;
				CLANG_ENABLE_OBJC_ARC = YES;
				CLANG_ENABLE_OBJC_WEAK = YES;
				CLANG_WARN_BLOCK_CAPTURE_AUTORELEASING = YES;
				CLANG_WARN_BOOL_CONVERSION = YES;
				CLANG_WARN_COMMA = YES;
				CLANG_WARN_CONSTANT_CONVERSION = YES;
				CLANG_WARN_DEPRECATED_OBJC_IMPLEMENTATIONS = YES;
				CLANG_WARN_DIRECT_OBJC_ISA_USAGE = YES_ERROR;
				CLANG_WARN_DOCUMENTATION_COMMENTS = YES;
				CLANG_WARN_EMPTY_BODY = YES;
				CLANG_WARN_ENUM_CONVERSION = YES;
				CLANG_WARN_INFINITE_RECURSION = YES;
				CLANG_WARN_INT_CONVERSION = YES;
				CLANG_WARN_NON_LITERAL_NULL_CONVERSION = YES;
				CLANG_WARN_OBJC_IMPLICIT_RETAIN_SELF = YES;
				CLANG_WARN_OBJC_LITERAL_CONVERSION = YES;
				CLANG_WARN_OBJC_ROOT_CLASS = YES_ERROR;
				CLANG_WARN_RANGE_LOOP_ANALYSIS = YES;
				CLANG_WARN_STRICT_PROTOTYPES = YES;
				CLANG_WARN_SUSPICIOUS_MOVE = YES;
				CLANG_WARN_UNGUARDED_AVAILABILITY = YES_AGGRESSIVE;
				CLANG_WARN_UNREACHABLE_CODE = YES;
				CLANG_WARN__DUPLICATE_METHOD_MATCH = YES;
				CODE_SIGN_IDENTITY = "iPhone Developer";
				COPY_PHASE_STRIP = NO;
				DEBUG_INFORMATION_FORMAT = dwarf;
				ENABLE_STRICT_OBJC_MSGSEND = YES;
				ENABLE_TESTABILITY = YES;
				GCC_C_LANGUAGE_STANDARD = gnu11;
				GCC_DYNAMIC_NO_PIC = NO;
				GCC_NO_COMMON_BLOCKS = YES;
				GCC_OPTIMIZATION_LEVEL = 0;
				GCC_PREPROCESSOR_DEFINITIONS = (
					"DEBUG=1",
					"$(inherited)",
				);
				GCC_WARN_64_TO_32_BIT_CONVERSION = YES;
				GCC_WARN_ABOUT_RETURN_TYPE = YES_ERROR;
				GCC_WARN_UNDECLARED_SELECTOR = YES;
				GCC_WARN_UNINITIALIZED_AUTOS = YES_AGGRESSIVE;
				GCC_WARN_UNUSED_FUNCTION = YES;
				GCC_WARN_UNUSED_VARIABLE = YES;
				IPHONEOS_DEPLOYMENT_TARGET = 12.1;
				MTL_ENABLE_DEBUG_INFO = INCLUDE_SOURCE;
				MTL_FAST_MATH = YES;
				ONLY_ACTIVE_ARCH = YES;
				SDKROOT = iphoneos;
				SWIFT_ACTIVE_COMPILATION_CONDITIONS = DEBUG;
				SWIFT_OPTIMIZATION_LEVEL = "-Onone";
			};
			name = Debug;
		};
		1007759321BC382F006AA09F /* Release */ = {
			isa = XCBuildConfiguration;
			buildSettings = {
				ALWAYS_SEARCH_USER_PATHS = NO;
				CLANG_ANALYZER_NONNULL = YES;
				CLANG_ANALYZER_NUMBER_OBJECT_CONVERSION = YES_AGGRESSIVE;
				CLANG_CXX_LANGUAGE_STANDARD = "gnu++14";
				CLANG_CXX_LIBRARY = "libc++";
				CLANG_ENABLE_MODULES = YES;
				CLANG_ENABLE_OBJC_ARC = YES;
				CLANG_ENABLE_OBJC_WEAK = YES;
				CLANG_WARN_BLOCK_CAPTURE_AUTORELEASING = YES;
				CLANG_WARN_BOOL_CONVERSION = YES;
				CLANG_WARN_COMMA = YES;
				CLANG_WARN_CONSTANT_CONVERSION = YES;
				CLANG_WARN_DEPRECATED_OBJC_IMPLEMENTATIONS = YES;
				CLANG_WARN_DIRECT_OBJC_ISA_USAGE = YES_ERROR;
				CLANG_WARN_DOCUMENTATION_COMMENTS = YES;
				CLANG_WARN_EMPTY_BODY = YES;
				CLANG_WARN_ENUM_CONVERSION = YES;
				CLANG_WARN_INFINITE_RECURSION = YES;
				CLANG_WARN_INT_CONVERSION = YES;
				CLANG_WARN_NON_LITERAL_NULL_CONVERSION = YES;
				CLANG_WARN_OBJC_IMPLICIT_RETAIN_SELF = YES;
				CLANG_WARN_OBJC_LITERAL_CONVERSION = YES;
				CLANG_WARN_OBJC_ROOT_CLASS = YES_ERROR;
				CLANG_WARN_RANGE_LOOP_ANALYSIS = YES;
				CLANG_WARN_STRICT_PROTOTYPES = YES;
				CLANG_WARN_SUSPICIOUS_MOVE = YES;
				CLANG_WARN_UNGUARDED_AVAILABILITY = YES_AGGRESSIVE;
				CLANG_WARN_UNREACHABLE_CODE = YES;
				CLANG_WARN__DUPLICATE_METHOD_MATCH = YES;
				CODE_SIGN_IDENTITY = "iPhone Developer";
				COPY_PHASE_STRIP = NO;
				DEBUG_INFORMATION_FORMAT = "dwarf-with-dsym";
				ENABLE_NS_ASSERTIONS = NO;
				ENABLE_STRICT_OBJC_MSGSEND = YES;
				GCC_C_LANGUAGE_STANDARD = gnu11;
				GCC_NO_COMMON_BLOCKS = YES;
				GCC_WARN_64_TO_32_BIT_CONVERSION = YES;
				GCC_WARN_ABOUT_RETURN_TYPE = YES_ERROR;
				GCC_WARN_UNDECLARED_SELECTOR = YES;
				GCC_WARN_UNINITIALIZED_AUTOS = YES_AGGRESSIVE;
				GCC_WARN_UNUSED_FUNCTION = YES;
				GCC_WARN_UNUSED_VARIABLE = YES;
				IPHONEOS_DEPLOYMENT_TARGET = 12.1;
				MTL_ENABLE_DEBUG_INFO = NO;
				MTL_FAST_MATH = YES;
				SDKROOT = iphoneos;
				SWIFT_COMPILATION_MODE = wholemodule;
				SWIFT_OPTIMIZATION_LEVEL = "-O";
				VALIDATE_PRODUCT = YES;
			};
			name = Release;
		};
		1007759521BC382F006AA09F /* Debug */ = {
			isa = XCBuildConfiguration;
			buildSettings = {
				ASSETCATALOG_COMPILER_APPICON_NAME = AppIcon;
				CODE_SIGN_STYLE = Automatic;
				DEVELOPMENT_TEAM = BDNFPW69WQ;
				INFOPLIST_FILE = poi/Info.plist;
				LD_RUNPATH_SEARCH_PATHS = (
					"$(inherited)",
					"@executable_path/Frameworks",
				);
				PRODUCT_BUNDLE_IDENTIFIER = com.wasatchcode.poi;
				PRODUCT_NAME = "$(TARGET_NAME)";
				SWIFT_VERSION = 4.2;
				TARGETED_DEVICE_FAMILY = "1,2";
			};
			name = Debug;
		};
		1007759621BC382F006AA09F /* Release */ = {
			isa = XCBuildConfiguration;
			buildSettings = {
				ASSETCATALOG_COMPILER_APPICON_NAME = AppIcon;
				CODE_SIGN_STYLE = Automatic;
				DEVELOPMENT_TEAM = BDNFPW69WQ;
				INFOPLIST_FILE = poi/Info.plist;
				LD_RUNPATH_SEARCH_PATHS = (
					"$(inherited)",
					"@executable_path/Frameworks",
				);
				PRODUCT_BUNDLE_IDENTIFIER = com.wasatchcode.poi;
				PRODUCT_NAME = "$(TARGET_NAME)";
				SWIFT_VERSION = 4.2;
				TARGETED_DEVICE_FAMILY = "1,2";
			};
			name = Release;
		};
/* End XCBuildConfiguration section */

/* Begin XCConfigurationList section */
		1007757D21BC382D006AA09F /* Build configuration list for PBXProject "poi" */ = {
			isa = XCConfigurationList;
			buildConfigurations = (
				1007759221BC382F006AA09F /* Debug */,
				1007759321BC382F006AA09F /* Release */,
			);
			defaultConfigurationIsVisible = 0;
			defaultConfigurationName = Release;
		};
		1007759421BC382F006AA09F /* Build configuration list for PBXNativeTarget "poi" */ = {
			isa = XCConfigurationList;
			buildConfigurations = (
				1007759521BC382F006AA09F /* Debug */,
				1007759621BC382F006AA09F /* Release */,
			);
			defaultConfigurationIsVisible = 0;
			defaultConfigurationName = Release;
		};
/* End XCConfigurationList section */
	};
	rootObject = 1007757A21BC382D006AA09F /* Project object */;
}
